DEPENDENCIES
  apt (~> 7.1.0)
  git (~> 9.0.1)
  monit (~> 1.0.0)
  mysql (~> 8.5.1)
  ncdu (~> 1.0.0)
  nginx (~> 8.1.5)
  nodejs (~> 5.0.0)
  openssh (~> 2.7.0)
  runit (~> 3.0.5)
  rvm (~> 0.9.4)
  sudo (~> 5.4.2)
  swap_tuning (~> 0.2.0)
  ufw (~> 3.2.0)
  users (~> 4.0.3)

GRAPH
  apt (7.1.0)
  ark (4.0.0)
    build-essential (>= 0.0.0)
    seven_zip (>= 0.0.0)
  build-essential (8.2.1)
    mingw (>= 1.1)
    seven_zip (>= 0.0.0)
  chef-sugar (4.1.0)
  chef_gem (0.1.0)
  firewall (2.6.5)
    chef-sugar (>= 0.0.0)
  git (9.0.1)
    build-essential (>= 5.0.0)
  homebrew (5.0.5)
  iptables (4.4.1)
  java (2.2.0)
    homebrew (>= 0.0.0)
    windows (>= 0.0.0)
  mingw (2.1.0)
    seven_zip (>= 0.0.0)
  monit (1.0.0)
    poise (~> 2.0)
    poise-monit (~> 1.0)
  mysql (8.5.1)
  ncdu (1.0.0)
  nginx (8.1.5)
    build-essential (>= 5.0)
    ohai (>= 4.1.0)
    yum-epel (>= 0.0.0)
    zypper (>= 0.0.0)
  nodejs (5.0.0)
    ark (>= 2.0.2)
    build-essential (>= 0.0.0)
  ohai (5.2.5)
  openssh (2.7.0)
    iptables (>= 1.0)
  packagecloud (1.0.0)
  poise (2.8.2)
  poise-archive (1.5.0)
    poise (~> 2.6)
  poise-languages (2.1.2)
    poise (~> 2.5)
    poise-archive (~> 1.0)
  poise-monit (1.6.0)
    poise (~> 2.6)
    poise-languages (~> 2.0)
    poise-service (~> 1.1)
  poise-service (1.5.2)
    poise (~> 2.0)
  runit (3.0.6)
    packagecloud (>= 0.0.0)
    yum-epel (>= 0.0.0)
  rvm (0.9.4)
    chef_gem (>= 0.0.0)
    java (>= 0.0.0)
  seven_zip (3.0.0)
    windows (>= 0.0.0)
  sudo (5.4.2)
  swap (0.3.8)
  swap_tuning (0.2.0)
    swap (~> 0.3)
  ufw (3.2.0)
    firewall (>= 2.0)
  users (4.0.3)
  windows (5.1.1)
  yum-epel (3.2.0)
  zypper (0.4.0)
